
Microsoft Visual Studio Solution File, Format Version 12.00
Project("{FAE04EC0-301F-11D3-BF4B-00C04F79EFBC}") = "AlsekLib", "AlsekLib\AlsekLib.csproj", "{BDD63169-8F30-4A1D-B63B-B9A3E666CBD8}"
EndProject
Project("{FAE04EC0-301F-11D3-BF4B-00C04F79EFBC}") = "AlsekLibServer", "AlsekLibServer\AlsekLibServer.csproj", "{A8FA024F-188B-41E8-8042-47BCD5691CE4}"
EndProject
Global
	GlobalSection(SolutionConfigurationPlatforms) = preSolution
		Debug|Any CPU = Debug|Any CPU
		Release|Any CPU = Release|Any CPU
	EndGlobalSection
	GlobalSection(ProjectConfigurationPlatforms) = postSolution
		{BDD63169-8F30-4A1D-B63B-B9A3E666CBD8}.Debug|Any CPU.ActiveCfg = Debug|Any CPU
		{BDD63169-8F30-4A1D-B63B-B9A3E666CBD8}.Debug|Any CPU.Build.0 = Debug|Any CPU
		{BDD63169-8F30-4A1D-B63B-B9A3E666CBD8}.Release|Any CPU.ActiveCfg = Release|Any CPU
		{BDD63169-8F30-4A1D-B63B-B9A3E666CBD8}.Release|Any CPU.Build.0 = Release|Any CPU
		{A8FA024F-188B-41E8-8042-47BCD5691CE4}.Debug|Any CPU.ActiveCfg = Debug|Any CPU
		{A8FA024F-188B-41E8-8042-47BCD5691CE4}.Debug|Any CPU.Build.0 = Debug|Any CPU
		{A8FA024F-188B-41E8-8042-47BCD5691CE4}.Release|Any CPU.ActiveCfg = Release|Any CPU
		{A8FA024F-188B-41E8-8042-47BCD5691CE4}.Release|Any CPU.Build.0 = Release|Any CPU
	EndGlobalSection
EndGlobal
